
Microsoft Visual Studio Solution File, Format Version 12.00
Project("{2150E333-8FDC-42A3-9474-1A3956D46DE8}") = "src", "src", "{B79446F3-86F4-424A-8274-B81B3E347631}"
EndProject
Project("{FAE04EC0-301F-11D3-BF4B-00C04F79EFBC}") = "DevIO.Data", "src\DevIO.Data\DevIO.Data.csproj", "{4DABBC1C-0639-4041-A51E-F61F2CE1DF37}"
EndProject
Project("{FAE04EC0-301F-11D3-BF4B-00C04F79EFBC}") = "DevIO.Business", "src\DevIO.Business\DevIO.Business.csproj", "{77E02EBE-E44F-4F04-9ABF-7D2428A9D21C}"
EndProject
Project("{2150E333-8FDC-42A3-9474-1A3956D46DE8}") = "tests", "tests", "{5C3B44AF-A0F2-4F13-A2A4-ED2FD00DF56E}"
EndProject
Project("{FAE04EC0-301F-11D3-BF4B-00C04F79EFBC}") = "DevIO.Business.Tests", "tests\DevIO.Business.Tests\DevIO.Business.Tests.csproj", "{C29C4478-FF6E-4ED6-A4C5-ECCF18AD4E3C}"
EndProject
Project("{FAE04EC0-301F-11D3-BF4B-00C04F79EFBC}") = "DevIO.Util.Tests", "tests\DevIO.Util.Tests\DevIO.Util.Tests.csproj", "{8CC393BA-0E71-4AF9-B962-A11DFA1A8869}"
EndProject
Project("{FAE04EC0-301F-11D3-BF4B-00C04F79EFBC}") = "DevIO.Api", "src\DevIO.Api\DevIO.Api.csproj", "{0D035ABA-D09E-46F9-8F00-D56E12D6B247}"
EndProject
Global
	GlobalSection(SolutionConfigurationPlatforms) = preSolution
		Debug|Any CPU = Debug|Any CPU
		Release|Any CPU = Release|Any CPU
	EndGlobalSection
	GlobalSection(ProjectConfigurationPlatforms) = postSolution
		{4DABBC1C-0639-4041-A51E-F61F2CE1DF37}.Debug|Any CPU.ActiveCfg = Debug|Any CPU
		{4DABBC1C-0639-4041-A51E-F61F2CE1DF37}.Debug|Any CPU.Build.0 = Debug|Any CPU
		{4DABBC1C-0639-4041-A51E-F61F2CE1DF37}.Release|Any CPU.ActiveCfg = Release|Any CPU
		{4DABBC1C-0639-4041-A51E-F61F2CE1DF37}.Release|Any CPU.Build.0 = Release|Any CPU
		{77E02EBE-E44F-4F04-9ABF-7D2428A9D21C}.Debug|Any CPU.ActiveCfg = Debug|Any CPU
		{77E02EBE-E44F-4F04-9ABF-7D2428A9D21C}.Debug|Any CPU.Build.0 = Debug|Any CPU
		{77E02EBE-E44F-4F04-9ABF-7D2428A9D21C}.Release|Any CPU.ActiveCfg = Release|Any CPU
		{77E02EBE-E44F-4F04-9ABF-7D2428A9D21C}.Release|Any CPU.Build.0 = Release|Any CPU
		{C29C4478-FF6E-4ED6-A4C5-ECCF18AD4E3C}.Debug|Any CPU.ActiveCfg = Debug|Any CPU
		{C29C4478-FF6E-4ED6-A4C5-ECCF18AD4E3C}.Debug|Any CPU.Build.0 = Debug|Any CPU
		{C29C4478-FF6E-4ED6-A4C5-ECCF18AD4E3C}.Release|Any CPU.ActiveCfg = Release|Any CPU
		{C29C4478-FF6E-4ED6-A4C5-ECCF18AD4E3C}.Release|Any CPU.Build.0 = Release|Any CPU
		{8CC393BA-0E71-4AF9-B962-A11DFA1A8869}.Debug|Any CPU.ActiveCfg = Debug|Any CPU
		{8CC393BA-0E71-4AF9-B962-A11DFA1A8869}.Debug|Any CPU.Build.0 = Debug|Any CPU
		{8CC393BA-0E71-4AF9-B962-A11DFA1A8869}.Release|Any CPU.ActiveCfg = Release|Any CPU
		{8CC393BA-0E71-4AF9-B962-A11DFA1A8869}.Release|Any CPU.Build.0 = Release|Any CPU
		{0D035ABA-D09E-46F9-8F00-D56E12D6B247}.Debug|Any CPU.ActiveCfg = Debug|Any CPU
		{0D035ABA-D09E-46F9-8F00-D56E12D6B247}.Debug|Any CPU.Build.0 = Debug|Any CPU
		{0D035ABA-D09E-46F9-8F00-D56E12D6B247}.Release|Any CPU.ActiveCfg = Release|Any CPU
		{0D035ABA-D09E-46F9-8F00-D56E12D6B247}.Release|Any CPU.Build.0 = Release|Any CPU
	EndGlobalSection
	GlobalSection(NestedProjects) = preSolution
		{4DABBC1C-0639-4041-A51E-F61F2CE1DF37} = {B79446F3-86F4-424A-8274-B81B3E347631}
		{77E02EBE-E44F-4F04-9ABF-7D2428A9D21C} = {B79446F3-86F4-424A-8274-B81B3E347631}
		{C29C4478-FF6E-4ED6-A4C5-ECCF18AD4E3C} = {5C3B44AF-A0F2-4F13-A2A4-ED2FD00DF56E}
		{8CC393BA-0E71-4AF9-B962-A11DFA1A8869} = {5C3B44AF-A0F2-4F13-A2A4-ED2FD00DF56E}
		{0D035ABA-D09E-46F9-8F00-D56E12D6B247} = {B79446F3-86F4-424A-8274-B81B3E347631}
	EndGlobalSection
EndGlobal
